
Microsoft Visual Studio Solution File, Format Version 12.00
# Visual Studio Version 17
VisualStudioVersion = 17.2.32616.157
MinimumVisualStudioVersion = 10.0.40219.1
Project("{9A19103F-16F7-4668-BE54-9A1E7A4F7556}") = "TorneSe.ServicoLancamentoNotas.API", "src\TorneSe.ServicoLancamentoNotas.API\TorneSe.ServicoLancamentoNotas.API.csproj", "{8376419D-F03E-47C9-90F8-9FF38EBDDD6B}"
EndProject
Project("{2150E333-8FDC-42A3-9474-1A3956D46DE8}") = "Api", "Api", "{43F2E52B-4135-4F71-BC98-B28EC789C08D}"
EndProject
Project("{2150E333-8FDC-42A3-9474-1A3956D46DE8}") = "Dominio", "Dominio", "{2B876EF9-4565-48DD-A7D6-1D0CB67CE66C}"
EndProject
Project("{2150E333-8FDC-42A3-9474-1A3956D46DE8}") = "Testes", "Testes", "{6E708DBF-6909-466D-918D-537293D8CDCA}"
EndProject
Project("{9A19103F-16F7-4668-BE54-9A1E7A4F7556}") = "TorneSe.ServicoLancamentoNotas.Testes", "testes\TorneSe.ServicoLancamentoNotas.Testes\TorneSe.ServicoLancamentoNotas.Testes.csproj", "{FC1C0D29-2D94-4E0B-974D-DB468269209D}"
EndProject
Project("{9A19103F-16F7-4668-BE54-9A1E7A4F7556}") = "TorneSe.ServicoLancamentoNotas.Dominio", "src\TorneSe.ServicoLancamentoNotas.Dominio\TorneSe.ServicoLancamentoNotas.Dominio.csproj", "{EFD436E0-85E9-4B8E-B0BD-743A23D4B39E}"
EndProject
Project("{2150E333-8FDC-42A3-9474-1A3956D46DE8}") = "Aplicacao", "Aplicacao", "{D789E0EE-8196-4344-9FAF-15D83AF937F2}"
EndProject
Project("{9A19103F-16F7-4668-BE54-9A1E7A4F7556}") = "TorneSe.ServicoLancamentoNotas.Aplicacao", "src\TorneSe.ServicoLancamentoNotas.Aplicacao\TorneSe.ServicoLancamentoNotas.Aplicacao.csproj", "{3F757AE9-A943-41A1-93C2-D081E5794D1E}"
EndProject
Project("{2150E333-8FDC-42A3-9474-1A3956D46DE8}") = "Infra", "Infra", "{3401E097-78CF-4D95-A423-59F583C7349E}"
EndProject
Project("{2150E333-8FDC-42A3-9474-1A3956D46DE8}") = "Data", "Data", "{667F39F1-8701-465C-A006-5DE2358410F1}"
EndProject
Project("{2150E333-8FDC-42A3-9474-1A3956D46DE8}") = "CrossCutting", "CrossCutting", "{5CF28DD9-E98A-4BC8-95EE-0EBBDB93EFE3}"
EndProject
Project("{9A19103F-16F7-4668-BE54-9A1E7A4F7556}") = "TorneSe.ServicoLancamentoNotas.Infra.Data", "src\TorneSe.ServicoLancamentoNotas.Infra.Data\TorneSe.ServicoLancamentoNotas.Infra.Data.csproj", "{F4BCFE79-F39A-4343-A1D4-5235952D5CF8}"
EndProject
Project("{9A19103F-16F7-4668-BE54-9A1E7A4F7556}") = "TornseSe.ServicoLancamentoNotas.TestesIntegracao", "testes\TornseSe.ServicoLancamentoNotas.TestesIntegracao\TornseSe.ServicoLancamentoNotas.TestesIntegracao.csproj", "{6CE139EF-8471-4705-B02F-14C3FE8B3B7A}"
EndProject
Project("{FAE04EC0-301F-11D3-BF4B-00C04F79EFBC}") = "TorneSe.ServicoLancamentoNotas.Infra.CrossCutting.IoC", "src\TorneSe.ServicoLancamentoNotas.Infra.CrossCutting.IoC\TorneSe.ServicoLancamentoNotas.Infra.CrossCutting.IoC.csproj", "{54DCF624-5047-4C58-92D1-FB3987406DD3}"
EndProject
Global
	GlobalSection(SolutionConfigurationPlatforms) = preSolution
		Debug|Any CPU = Debug|Any CPU
		Release|Any CPU = Release|Any CPU
	EndGlobalSection
	GlobalSection(ProjectConfigurationPlatforms) = postSolution
		{8376419D-F03E-47C9-90F8-9FF38EBDDD6B}.Debug|Any CPU.ActiveCfg = Debug|Any CPU
		{8376419D-F03E-47C9-90F8-9FF38EBDDD6B}.Debug|Any CPU.Build.0 = Debug|Any CPU
		{8376419D-F03E-47C9-90F8-9FF38EBDDD6B}.Release|Any CPU.ActiveCfg = Release|Any CPU
		{8376419D-F03E-47C9-90F8-9FF38EBDDD6B}.Release|Any CPU.Build.0 = Release|Any CPU
		{FC1C0D29-2D94-4E0B-974D-DB468269209D}.Debug|Any CPU.ActiveCfg = Debug|Any CPU
		{FC1C0D29-2D94-4E0B-974D-DB468269209D}.Debug|Any CPU.Build.0 = Debug|Any CPU
		{FC1C0D29-2D94-4E0B-974D-DB468269209D}.Release|Any CPU.ActiveCfg = Release|Any CPU
		{FC1C0D29-2D94-4E0B-974D-DB468269209D}.Release|Any CPU.Build.0 = Release|Any CPU
		{EFD436E0-85E9-4B8E-B0BD-743A23D4B39E}.Debug|Any CPU.ActiveCfg = Debug|Any CPU
		{EFD436E0-85E9-4B8E-B0BD-743A23D4B39E}.Debug|Any CPU.Build.0 = Debug|Any CPU
		{EFD436E0-85E9-4B8E-B0BD-743A23D4B39E}.Release|Any CPU.ActiveCfg = Release|Any CPU
		{EFD436E0-85E9-4B8E-B0BD-743A23D4B39E}.Release|Any CPU.Build.0 = Release|Any CPU
		{3F757AE9-A943-41A1-93C2-D081E5794D1E}.Debug|Any CPU.ActiveCfg = Debug|Any CPU
		{3F757AE9-A943-41A1-93C2-D081E5794D1E}.Debug|Any CPU.Build.0 = Debug|Any CPU
		{3F757AE9-A943-41A1-93C2-D081E5794D1E}.Release|Any CPU.ActiveCfg = Release|Any CPU
		{3F757AE9-A943-41A1-93C2-D081E5794D1E}.Release|Any CPU.Build.0 = Release|Any CPU
		{F4BCFE79-F39A-4343-A1D4-5235952D5CF8}.Debug|Any CPU.ActiveCfg = Debug|Any CPU
		{F4BCFE79-F39A-4343-A1D4-5235952D5CF8}.Debug|Any CPU.Build.0 = Debug|Any CPU
		{F4BCFE79-F39A-4343-A1D4-5235952D5CF8}.Release|Any CPU.ActiveCfg = Release|Any CPU
		{F4BCFE79-F39A-4343-A1D4-5235952D5CF8}.Release|Any CPU.Build.0 = Release|Any CPU
		{6CE139EF-8471-4705-B02F-14C3FE8B3B7A}.Debug|Any CPU.ActiveCfg = Debug|Any CPU
		{6CE139EF-8471-4705-B02F-14C3FE8B3B7A}.Debug|Any CPU.Build.0 = Debug|Any CPU
		{6CE139EF-8471-4705-B02F-14C3FE8B3B7A}.Release|Any CPU.ActiveCfg = Release|Any CPU
		{6CE139EF-8471-4705-B02F-14C3FE8B3B7A}.Release|Any CPU.Build.0 = Release|Any CPU
		{54DCF624-5047-4C58-92D1-FB3987406DD3}.Debug|Any CPU.ActiveCfg = Debug|Any CPU
		{54DCF624-5047-4C58-92D1-FB3987406DD3}.Debug|Any CPU.Build.0 = Debug|Any CPU
		{54DCF624-5047-4C58-92D1-FB3987406DD3}.Release|Any CPU.ActiveCfg = Release|Any CPU
		{54DCF624-5047-4C58-92D1-FB3987406DD3}.Release|Any CPU.Build.0 = Release|Any CPU
	EndGlobalSection
	GlobalSection(SolutionProperties) = preSolution
		HideSolutionNode = FALSE
	EndGlobalSection
	GlobalSection(NestedProjects) = preSolution
		{8376419D-F03E-47C9-90F8-9FF38EBDDD6B} = {43F2E52B-4135-4F71-BC98-B28EC789C08D}
		{FC1C0D29-2D94-4E0B-974D-DB468269209D} = {6E708DBF-6909-466D-918D-537293D8CDCA}
		{EFD436E0-85E9-4B8E-B0BD-743A23D4B39E} = {2B876EF9-4565-48DD-A7D6-1D0CB67CE66C}
		{3F757AE9-A943-41A1-93C2-D081E5794D1E} = {D789E0EE-8196-4344-9FAF-15D83AF937F2}
		{667F39F1-8701-465C-A006-5DE2358410F1} = {3401E097-78CF-4D95-A423-59F583C7349E}
		{5CF28DD9-E98A-4BC8-95EE-0EBBDB93EFE3} = {3401E097-78CF-4D95-A423-59F583C7349E}
		{F4BCFE79-F39A-4343-A1D4-5235952D5CF8} = {667F39F1-8701-465C-A006-5DE2358410F1}
		{6CE139EF-8471-4705-B02F-14C3FE8B3B7A} = {6E708DBF-6909-466D-918D-537293D8CDCA}
		{54DCF624-5047-4C58-92D1-FB3987406DD3} = {5CF28DD9-E98A-4BC8-95EE-0EBBDB93EFE3}
	EndGlobalSection
	GlobalSection(ExtensibilityGlobals) = postSolution
		SolutionGuid = {BCEC6D5F-13B2-4853-8A50-8550353575DF}
	EndGlobalSection
EndGlobal
